
Microsoft Visual Studio Solution File, Format Version 12.00
# Visual Studio Version 17
VisualStudioVersion = 17.9.34622.214
MinimumVisualStudioVersion = 10.0.40219.1
Project("{8BC9CEB8-8B4A-11D0-8D11-00A0C91BC942}") = "Inheritance", "Inheritance\Inheritance.vcxproj", "{EBF26456-5EDC-4D8A-9E90-3EFE6FB1C1CC}"
EndProject
Project("{8BC9CEB8-8B4A-11D0-8D11-00A0C91BC942}") = "Academy", "Academy\Academy.vcxproj", "{64DFAAE7-CB25-4FBA-8FCD-0296EE3DE641}"
EndProject
Project("{8BC9CEB8-8B4A-11D0-8D11-00A0C91BC942}") = "AbstractBaseClass", "AbstractBaseClass\AbstractBaseClass.vcxproj", "{8D71830C-AA7A-4C8C-AA2D-A7841658662D}"
EndProject
Global
	GlobalSection(SolutionConfigurationPlatforms) = preSolution
		Debug|x64 = Debug|x64
		Debug|x86 = Debug|x86
		Release|x64 = Release|x64
		Release|x86 = Release|x86
	EndGlobalSection
	GlobalSection(ProjectConfigurationPlatforms) = postSolution
		{EBF26456-5EDC-4D8A-9E90-3EFE6FB1C1CC}.Debug|x64.ActiveCfg = Debug|x64
		{EBF26456-5EDC-4D8A-9E90-3EFE6FB1C1CC}.Debug|x64.Build.0 = Debug|x64
		{EBF26456-5EDC-4D8A-9E90-3EFE6FB1C1CC}.Debug|x86.ActiveCfg = Debug|Win32
		{EBF26456-5EDC-4D8A-9E90-3EFE6FB1C1CC}.Debug|x86.Build.0 = Debug|Win32
		{EBF26456-5EDC-4D8A-9E90-3EFE6FB1C1CC}.Release|x64.ActiveCfg = Release|x64
		{EBF26456-5EDC-4D8A-9E90-3EFE6FB1C1CC}.Release|x64.Build.0 = Release|x64
		{EBF26456-5EDC-4D8A-9E90-3EFE6FB1C1CC}.Release|x86.ActiveCfg = Release|Win32
		{EBF26456-5EDC-4D8A-9E90-3EFE6FB1C1CC}.Release|x86.Build.0 = Release|Win32
		{64DFAAE7-CB25-4FBA-8FCD-0296EE3DE641}.Debug|x64.ActiveCfg = Debug|x64
		{64DFAAE7-CB25-4FBA-8FCD-0296EE3DE641}.Debug|x64.Build.0 = Debug|x64
		{64DFAAE7-CB25-4FBA-8FCD-0296EE3DE641}.Debug|x86.ActiveCfg = Debug|Win32
		{64DFAAE7-CB25-4FBA-8FCD-0296EE3DE641}.Debug|x86.Build.0 = Debug|Win32
		{64DFAAE7-CB25-4FBA-8FCD-0296EE3DE641}.Release|x64.ActiveCfg = Release|x64
		{64DFAAE7-CB25-4FBA-8FCD-0296EE3DE641}.Release|x64.Build.0 = Release|x64
		{64DFAAE7-CB25-4FBA-8FCD-0296EE3DE641}.Release|x86.ActiveCfg = Release|Win32
		{64DFAAE7-CB25-4FBA-8FCD-0296EE3DE641}.Release|x86.Build.0 = Release|Win32
		{8D71830C-AA7A-4C8C-AA2D-A7841658662D}.Debug|x64.ActiveCfg = Debug|x64
		{8D71830C-AA7A-4C8C-AA2D-A7841658662D}.Debug|x64.Build.0 = Debug|x64
		{8D71830C-AA7A-4C8C-AA2D-A7841658662D}.Debug|x86.ActiveCfg = Debug|Win32
		{8D71830C-AA7A-4C8C-AA2D-A7841658662D}.Debug|x86.Build.0 = Debug|Win32
		{8D71830C-AA7A-4C8C-AA2D-A7841658662D}.Release|x64.ActiveCfg = Release|x64
		{8D71830C-AA7A-4C8C-AA2D-A7841658662D}.Release|x64.Build.0 = Release|x64
		{8D71830C-AA7A-4C8C-AA2D-A7841658662D}.Release|x86.ActiveCfg = Release|Win32
		{8D71830C-AA7A-4C8C-AA2D-A7841658662D}.Release|x86.Build.0 = Release|Win32
	EndGlobalSection
	GlobalSection(SolutionProperties) = preSolution
		HideSolutionNode = FALSE
	EndGlobalSection
	GlobalSection(ExtensibilityGlobals) = postSolution
		SolutionGuid = {3E1E792D-031E-49BD-BDB8-4DB4E2CE7B1C}
	EndGlobalSection
EndGlobal
